
Microsoft Visual Studio Solution File, Format Version 12.00
# Visual Studio Version 17
VisualStudioVersion = 17.3.32825.248
MinimumVisualStudioVersion = 10.0.40219.1
Project("{FAE04EC0-301F-11D3-BF4B-00C04F79EFBC}") = "SmashPoint", "SmashPoint\SmashPoint.csproj", "{06F00C5D-5245-461B-9ACD-F2AD79BA1552}"
EndProject
Global
	GlobalSection(SolutionConfigurationPlatforms) = preSolution
		Debug|Any CPU = Debug|Any CPU
		Release|Any CPU = Release|Any CPU
	EndGlobalSection
	GlobalSection(ProjectConfigurationPlatforms) = postSolution
		{06F00C5D-5245-461B-9ACD-F2AD79BA1552}.Debug|Any CPU.ActiveCfg = Debug|Any CPU
		{06F00C5D-5245-461B-9ACD-F2AD79BA1552}.Debug|Any CPU.Build.0 = Debug|Any CPU
		{06F00C5D-5245-461B-9ACD-F2AD79BA1552}.Release|Any CPU.ActiveCfg = Release|Any CPU
		{06F00C5D-5245-461B-9ACD-F2AD79BA1552}.Release|Any CPU.Build.0 = Release|Any CPU
	EndGlobalSection
	GlobalSection(SolutionProperties) = preSolution
		HideSolutionNode = FALSE
	EndGlobalSection
	GlobalSection(ExtensibilityGlobals) = postSolution
		SolutionGuid = {2BC9219A-064B-417E-8B4C-3AA34A3A4F35}
	EndGlobalSection
EndGlobal
